
Microsoft Visual Studio Solution File, Format Version 12.00
# Visual Studio Version 17
VisualStudioVersion = 17.10.35013.160
MinimumVisualStudioVersion = 10.0.40219.1
Project("{FAE04EC0-301F-11D3-BF4B-00C04F79EFBC}") = "hash table", "hash table\hash table.csproj", "{71566BCB-401B-46F0-8093-360ADAF2568B}"
EndProject
Global
	GlobalSection(SolutionConfigurationPlatforms) = preSolution
		Debug|Any CPU = Debug|Any CPU
		Release|Any CPU = Release|Any CPU
	EndGlobalSection
	GlobalSection(ProjectConfigurationPlatforms) = postSolution
		{71566BCB-401B-46F0-8093-360ADAF2568B}.Debug|Any CPU.ActiveCfg = Debug|Any CPU
		{71566BCB-401B-46F0-8093-360ADAF2568B}.Debug|Any CPU.Build.0 = Debug|Any CPU
		{71566BCB-401B-46F0-8093-360ADAF2568B}.Release|Any CPU.ActiveCfg = Release|Any CPU
		{71566BCB-401B-46F0-8093-360ADAF2568B}.Release|Any CPU.Build.0 = Release|Any CPU
	EndGlobalSection
	GlobalSection(SolutionProperties) = preSolution
		HideSolutionNode = FALSE
	EndGlobalSection
	GlobalSection(ExtensibilityGlobals) = postSolution
		SolutionGuid = {EEC3469C-D580-4BBE-993F-29A2438C891D}
	EndGlobalSection
EndGlobal
